<?xml version="1.0" encoding="utf-8"?>
<Project ToolsVersion="4.0" xmlns="http://schemas.microsoft.com/developer/msbuild/2003">
  <ItemGroup>
    <ClCompile Include="Source\game.cpp" />
    <ClCompile Include="Source\gameDoc.cpp" />
    <ClCompile Include="Source\gameView.cpp" />
    <ClCompile Include="Source\MainFrm.cpp" />
    <ClCompile Include="Source\Player.cpp" />
    <ClCompile Include="Source\StdAfx.cpp" />
    <ClCompile Include="Source\gamelib.cpp" />
    <ClCompile Include="Source\mygame.cpp" />
    <ClCompile Include="Source\Box.cpp" />
    <ClCompile Include="Source\Coin.cpp" />
    <ClCompile Include="Source\Water.cpp" />
    <ClCompile Include="Source\Slime.cpp" />
    <ClCompile Include="Source\Trap.cpp" />
    <ClCompile Include="Source\Button.cpp" />
    <ClCompile Include="Source\Door.cpp" />
    <ClCompile Include="Source\Key.cpp" />
    <ClCompile Include="Source\Potion.cpp" />
    <ClCompile Include="Source\audio.cpp" />
    <ClCompile Include="Source\Pipe.cpp" />
    <ClCompile Include="Source\Torch.cpp" />
  </ItemGroup>
  <ItemGroup>
    <ClInclude Include="Source\audio.h" />
    <ClInclude Include="Source\game.h" />
    <ClInclude Include="Source\gameDoc.h" />
    <ClInclude Include="Source\gameView.h" />
    <ClInclude Include="Source\MainFrm.h" />
    <ClInclude Include="Source\Player.h" />
    <ClInclude Include="Source\Resource.h" />
    <ClInclude Include="Source\StdAfx.h" />
    <ClInclude Include="Source\gamelib.h" />
    <ClInclude Include="Source\mygame.h" />
    <ClInclude Include="Source\Box.h" />
    <ClInclude Include="Source\Coin.h" />
    <ClInclude Include="Source\Water.h" />
    <ClInclude Include="Source\Slime.h" />
    <ClInclude Include="Source\Trap.h" />
    <ClInclude Include="Source\Button.h" />
    <ClInclude Include="Source\Door.h" />
    <ClInclude Include="Source\Key.h" />
    <ClInclude Include="Source\Potion.h" />
    <ClInclude Include="Source\Pipe.h" />
    <ClInclude Include="Source\Torch.h" />
  </ItemGroup>
  <ItemGroup>
    <ResourceCompile Include="Source\game.rc" />
  </ItemGroup>
  <ItemGroup>
    <Image Include="Bitmaps\box.bmp" />
    <Image Include="box.bmp" />
    <Image Include="img\bitmap10.bmp" />
    <Image Include="img\bitmap11.bmp" />
    <Image Include="img\bitmap37.bmp" />
    <Image Include="img\BLACK.bmp" />
    <Image Include="img\box.bmp" />
    <Image Include="img\button.bmp" />
    <Image Include="img\coin1.bmp" />
    <Image Include="img\coin2.bmp" />
    <Image Include="img\corner1.bmp" />
    <Image Include="img\corner2.bmp" />
    <Image Include="img\corner3.bmp" />
    <Image Include="img\corner4.bmp" />
    <Image Include="img\door1.bmp" />
    <Image Include="img\floor1.bmp" />
    <Image Include="img\floor2.bmp" />
    <Image Include="img\icon1.ico" />
    <Image Include="img\key.bmp" />
    <Image Include="img\menu\btn_credits.bmp" />
    <Image Include="img\menu\btn_levels.bmp" />
    <Image Include="img\menu\btn_play.bmp" />
    <Image Include="img\menu\credit.bmp" />
    <Image Include="img\player1.bmp" />
    <Image Include="img\player2.bmp" />
    <Image Include="img\menu\levels.bmp" />
    <Image Include="img\menu\main.bmp" />
    <Image Include="img\menu\unlock\level10_unlock.bmp" />
    <Image Include="img\menu\unlock\level11_unlock.bmp" />
    <Image Include="img\menu\unlock\level12_unlock.bmp" />
    <Image Include="img\menu\unlock\level13_unlock.bmp" />
    <Image Include="img\menu\unlock\level14_unlock.bmp" />
    <Image Include="img\menu\unlock\level1_unlock.bmp" />
    <Image Include="img\menu\unlock\level2_unlock.bmp" />
    <Image Include="img\menu\unlock\level3_unlock.bmp" />
    <Image Include="img\menu\unlock\level4_unlock.bmp" />
    <Image Include="img\menu\unlock\level5_unlock.bmp" />
    <Image Include="img\menu\unlock\level6_unlock.bmp" />
    <Image Include="img\menu\unlock\level7_unlock.bmp" />
    <Image Include="img\menu\unlock\level8_unlock.bmp" />
    <Image Include="img\menu\unlock\level9_unlock.bmp" />
    <Image Include="img\newlogo.ico" />
    <Image Include="img\player_alive_left_1.bmp" />
    <Image Include="img\player_alive_left_2.bmp" />
    <Image Include="img\player_alive_left_3.bmp" />
    <Image Include="img\player_alive_left_4.bmp" />
    <Image Include="img\player_alive_right_1.bmp" />
    <Image Include="img\player_alive_right_2.bmp" />
    <Image Include="img\player_alive_right_3.bmp" />
    <Image Include="img\player_alive_right_4.bmp" />
    <Image Include="img\player_alive_up_1.bmp" />
    <Image Include="img\player_alive_up_2.bmp" />
    <Image Include="img\player_dead_left.bmp" />
    <Image Include="img\player_dead_right.bmp" />
    <Image Include="img\player_standby.bmp" />
    <Image Include="img\potion.bmp" />
    <Image Include="img\slime1.bmp" />
    <Image Include="img\slime2.bmp" />
    <Image Include="img\slime4.bmp" />
    <Image Include="img\trap1.bmp" />
    <Image Include="img\trap2.bmp" />
    <Image Include="img\wall1.bmp" />
    <Image Include="img\wall10.bmp" />
    <Image Include="img\wall11.bmp" />
    <Image Include="img\wall12.bmp" />
    <Image Include="img\wall13.bmp" />
    <Image Include="img\wall14.bmp" />
    <Image Include="img\wall2.bmp" />
    <Image Include="img\wall3.bmp" />
    <Image Include="img\wall4.bmp" />
    <Image Include="img\wall5.bmp" />
    <Image Include="img\wall6.bmp" />
    <Image Include="img\wall7.bmp" />
    <Image Include="img\wall8.bmp" />
    <Image Include="img\wall9.bmp" />
    <Image Include="img\water.bmp" />
    <Image Include="res\bitmap3.bmp" />
    <Image Include="RES\box.png" />
    <Image Include="RES\button.png" />
    <Image Include="RES\coin1.png" />
    <Image Include="RES\coin2.png" />
    <Image Include="RES\door1.png" />
    <Image Include="RES\floor1.png" />
    <Image Include="RES\floor2.png" />
    <Image Include="RES\key.png" />
    <Image Include="RES\player1.png" />
    <Image Include="RES\player2.png" />
    <Image Include="RES\potion.png" />
    <Image Include="RES\slime1.png" />
    <Image Include="RES\slime2.png" />
    <Image Include="RES\slime4.png" />
    <Image Include="RES\trap2.png" />
    <Image Include="RES\wall1.png" />
    <Image Include="RES\wall2.png" />
    <Image Include="RES\wall3.png" />
    <Image Include="RES\wall4.png" />
    <Image Include="RES\wall5.png" />
    <Image Include="RES\wall6.png" />
    <Image Include="RES\water.png" />
    <Image Include="img\slime3.bmp" />
    <Image Include="img\fail.bmp" />
    <Image Include="img\pass.bmp" />
    <Image Include="img\menu\newlogo.bmp" />
    <Image Include="img\menu\banner.bmp" />
    <Image Include="img\menu\hint1.bmp" />
    <Image Include="img\menu\hint2.bmp" />
    <Image Include="img\menu\hint3.bmp" />
    <Image Include="img\menu\hint4.bmp" />
    <Image Include="img\menu\hint5.bmp" />
    <Image Include="img\menu\hint6.bmp" />
    <Image Include="img\menu\hint7.bmp" />
    <Image Include="img\menu\hint8.bmp" />
    <Image Include="img\menu\sound_off.bmp" />
    <Image Include="img\menu\sound_on.bmp" />
    <Image Include="img\0.bmp" />
    <Image Include="img\1.bmp" />
    <Image Include="img\bitmap72.bmp" />
    <Image Include="img\2.bmp" />
    <Image Include="img\about.bmp" />
    <Image Include="img\menu\about.bmp" />
    <Image Include="img\pipe1.bmp" />
    <Image Include="img\pipe2.bmp" />
    <Image Include="img\pipe3.bmp" />
    <Image Include="img\pipe4.bmp" />
    <Image Include="img\pipe5.bmp" />
    <Image Include="img\torch1.bmp" />
    <Image Include="img\torch2.bmp" />
    <Image Include="img\torch3.bmp" />
    <Image Include="img\menu\intro.bmp" />
    <Image Include="img\menu\ending.bmp" />
  </ItemGroup>
  <ItemGroup>
    <None Include="Res\ball.bmp" />
    <None Include="RES\bmp0.bmp" />
    <None Include="RES\bmp1.bmp" />
    <None Include="RES\bmp10.bmp" />
    <None Include="RES\bmp2.bmp" />
    <None Include="RES\bmp3.bmp" />
    <None Include="RES\bmp4.bmp" />
    <None Include="RES\bmp5.bmp" />
    <None Include="RES\bmp6.bmp" />
    <None Include="RES\bmp7.bmp" />
    <None Include="RES\bmp8.bmp" />
    <None Include="RES\bmp9.bmp" />
    <None Include="RES\center.bmp" />
    <None Include="RES\continue.bmp" />
    <None Include="Res\corner.bmp" />
    <None Include="RES\eraser1.bmp" />
    <None Include="RES\eraser2.bmp" />
    <None Include="RES\eraser3.bmp" />
    <None Include="res\game.ico" />
    <None Include="res\game.rc2" />
    <None Include="RES\gamecurs.cur" />
    <None Include="res\gameDoc.ico" />
    <None Include="RES\help.bmp" />
    <None Include="RES\loading.bmp" />
    <None Include="RES\ntutcsie.bmp" />
    <None Include="res\Toolbar.bmp" />
  </ItemGroup>
</Project>